
Microsoft Visual Studio Solution File, Format Version 12.00
# Visual Studio Version 17
VisualStudioVersion = 17.11.35208.52
MinimumVisualStudioVersion = 10.0.40219.1
Project("{FAE04EC0-301F-11D3-BF4B-00C04F79EFBC}") = "A111223022_TCP_Server", "A111223022_TCP_Server\A111223022_TCP_Server.csproj", "{DE8D54FB-B8B6-4876-BC71-14C8EFEF754E}"
EndProject
Global
	GlobalSection(SolutionConfigurationPlatforms) = preSolution
		Debug|Any CPU = Debug|Any CPU
		Release|Any CPU = Release|Any CPU
	EndGlobalSection
	GlobalSection(ProjectConfigurationPlatforms) = postSolution
		{DE8D54FB-B8B6-4876-BC71-14C8EFEF754E}.Debug|Any CPU.ActiveCfg = Debug|Any CPU
		{DE8D54FB-B8B6-4876-BC71-14C8EFEF754E}.Debug|Any CPU.Build.0 = Debug|Any CPU
		{DE8D54FB-B8B6-4876-BC71-14C8EFEF754E}.Release|Any CPU.ActiveCfg = Release|Any CPU
		{DE8D54FB-B8B6-4876-BC71-14C8EFEF754E}.Release|Any CPU.Build.0 = Release|Any CPU
	EndGlobalSection
	GlobalSection(SolutionProperties) = preSolution
		HideSolutionNode = FALSE
	EndGlobalSection
	GlobalSection(ExtensibilityGlobals) = postSolution
		SolutionGuid = {88331A11-4B95-4EF9-9204-A6CED378E4B3}
	EndGlobalSection
EndGlobal
