
Microsoft Visual Studio Solution File, Format Version 12.00
# Visual Studio Version 17
VisualStudioVersion = 17.11.35327.3
MinimumVisualStudioVersion = 10.0.40219.1
Project("{FAE04EC0-301F-11D3-BF4B-00C04F79EFBC}") = "A111223022_Bingo_Ex3", "A111223022_Bingo_Ex3\A111223022_Bingo_Ex3.csproj", "{775CF362-DC01-4FD8-9CF6-33EC828DFB45}"
EndProject
Global
	GlobalSection(SolutionConfigurationPlatforms) = preSolution
		Debug|Any CPU = Debug|Any CPU
		Release|Any CPU = Release|Any CPU
	EndGlobalSection
	GlobalSection(ProjectConfigurationPlatforms) = postSolution
		{775CF362-DC01-4FD8-9CF6-33EC828DFB45}.Debug|Any CPU.ActiveCfg = Debug|Any CPU
		{775CF362-DC01-4FD8-9CF6-33EC828DFB45}.Debug|Any CPU.Build.0 = Debug|Any CPU
		{775CF362-DC01-4FD8-9CF6-33EC828DFB45}.Release|Any CPU.ActiveCfg = Release|Any CPU
		{775CF362-DC01-4FD8-9CF6-33EC828DFB45}.Release|Any CPU.Build.0 = Release|Any CPU
	EndGlobalSection
	GlobalSection(SolutionProperties) = preSolution
		HideSolutionNode = FALSE
	EndGlobalSection
	GlobalSection(ExtensibilityGlobals) = postSolution
		SolutionGuid = {7D21D6A6-4B0D-4440-B321-0D9D082261FD}
	EndGlobalSection
EndGlobal
